
Microsoft Visual Studio Solution File, Format Version 12.00
# Visual Studio Version 17
VisualStudioVersion = 17.0.31903.59
MinimumVisualStudioVersion = 10.0.40219.1
Project("{2150E333-8FDC-42A3-9474-1A3956D46DE8}") = "TaskHive.Application", "TaskHive.Application", "{02EA681E-C7D8-13C7-8484-4AC65E1B71E8}"
EndProject
Project("{2150E333-8FDC-42A3-9474-1A3956D46DE8}") = "TaskHive.Domain", "TaskHive.Domain", "{1956237E-4EA1-46CD-9F02-0F291C4F7992}"
EndProject
Project("{2150E333-8FDC-42A3-9474-1A3956D46DE8}") = "TaskHive.Infra", "TaskHive.Infra", "{605FEB71-94FE-48CF-88FB-99290821B4E4}"
EndProject
Project("{2150E333-8FDC-42A3-9474-1A3956D46DE8}") = "TaskHive.API", "TaskHive.API", "{9796F37D-37A3-4619-9710-43C3BA958E94}"
EndProject
Project("{2150E333-8FDC-42A3-9474-1A3956D46DE8}") = "src", "src", "{58676F12-4650-4A8E-9A46-4DD4C3E87BFD}"
EndProject
Project("{2150E333-8FDC-42A3-9474-1A3956D46DE8}") = "tests", "tests", "{F9F0AE45-0245-4279-A20D-8CAB5C2326E7}"
EndProject
Project("{FAE04EC0-301F-11D3-BF4B-00C04F79EFBC}") = "TaskHive.UnitTests", "tests\TaskHive.UnitTests\TaskHive.UnitTests.csproj", "{0BFB2301-442D-4495-A91F-05B3F7AB0262}"
EndProject
Project("{2150E333-8FDC-42A3-9474-1A3956D46DE8}") = "TaskHive.UnitTest", "TaskHive.UnitTest", "{79D78F9E-01BA-4C58-B5CE-5285802902B0}"
EndProject
Project("{2150E333-8FDC-42A3-9474-1A3956D46DE8}") = "TaskHive.IntegrationTests", "TaskHive.IntegrationTests", "{9E645DE6-DAEA-496C-9CD2-FAC4CC92061E}"
EndProject
Project("{FAE04EC0-301F-11D3-BF4B-00C04F79EFBC}") = "TaskHive.API", "src\TaskHive.API\TaskHive.API.csproj", "{477ADBEF-CBAB-14A1-57CC-9540ACA291F5}"
EndProject
Project("{FAE04EC0-301F-11D3-BF4B-00C04F79EFBC}") = "TaskHive.Application", "src\TaskHive.Application\TaskHive.Application.csproj", "{101C1EE6-83B4-0B81-081E-C4039850970E}"
EndProject
Project("{FAE04EC0-301F-11D3-BF4B-00C04F79EFBC}") = "TaskHive.Domain", "src\TaskHive.Domain\TaskHive.Domain.csproj", "{A16F3B1F-6985-0AFD-9C33-17482A92E338}"
EndProject
Project("{FAE04EC0-301F-11D3-BF4B-00C04F79EFBC}") = "TaskHive.Infra", "src\TaskHive.Infra\TaskHive.Infra.csproj", "{4209228D-ADE6-AC52-FF66-0AB02CAF0A7F}"
EndProject
Global
	GlobalSection(SolutionConfigurationPlatforms) = preSolution
		Debug|Any CPU = Debug|Any CPU
		Release|Any CPU = Release|Any CPU
	EndGlobalSection
	GlobalSection(ProjectConfigurationPlatforms) = postSolution
		{0BFB2301-442D-4495-A91F-05B3F7AB0262}.Debug|Any CPU.ActiveCfg = Debug|Any CPU
		{0BFB2301-442D-4495-A91F-05B3F7AB0262}.Debug|Any CPU.Build.0 = Debug|Any CPU
		{0BFB2301-442D-4495-A91F-05B3F7AB0262}.Release|Any CPU.ActiveCfg = Release|Any CPU
		{0BFB2301-442D-4495-A91F-05B3F7AB0262}.Release|Any CPU.Build.0 = Release|Any CPU
		{477ADBEF-CBAB-14A1-57CC-9540ACA291F5}.Debug|Any CPU.ActiveCfg = Debug|Any CPU
		{477ADBEF-CBAB-14A1-57CC-9540ACA291F5}.Debug|Any CPU.Build.0 = Debug|Any CPU
		{477ADBEF-CBAB-14A1-57CC-9540ACA291F5}.Release|Any CPU.ActiveCfg = Release|Any CPU
		{477ADBEF-CBAB-14A1-57CC-9540ACA291F5}.Release|Any CPU.Build.0 = Release|Any CPU
		{101C1EE6-83B4-0B81-081E-C4039850970E}.Debug|Any CPU.ActiveCfg = Debug|Any CPU
		{101C1EE6-83B4-0B81-081E-C4039850970E}.Debug|Any CPU.Build.0 = Debug|Any CPU
		{101C1EE6-83B4-0B81-081E-C4039850970E}.Release|Any CPU.ActiveCfg = Release|Any CPU
		{101C1EE6-83B4-0B81-081E-C4039850970E}.Release|Any CPU.Build.0 = Release|Any CPU
		{A16F3B1F-6985-0AFD-9C33-17482A92E338}.Debug|Any CPU.ActiveCfg = Debug|Any CPU
		{A16F3B1F-6985-0AFD-9C33-17482A92E338}.Debug|Any CPU.Build.0 = Debug|Any CPU
		{A16F3B1F-6985-0AFD-9C33-17482A92E338}.Release|Any CPU.ActiveCfg = Release|Any CPU
		{A16F3B1F-6985-0AFD-9C33-17482A92E338}.Release|Any CPU.Build.0 = Release|Any CPU
		{4209228D-ADE6-AC52-FF66-0AB02CAF0A7F}.Debug|Any CPU.ActiveCfg = Debug|Any CPU
		{4209228D-ADE6-AC52-FF66-0AB02CAF0A7F}.Debug|Any CPU.Build.0 = Debug|Any CPU
		{4209228D-ADE6-AC52-FF66-0AB02CAF0A7F}.Release|Any CPU.ActiveCfg = Release|Any CPU
		{4209228D-ADE6-AC52-FF66-0AB02CAF0A7F}.Release|Any CPU.Build.0 = Release|Any CPU
	EndGlobalSection
	GlobalSection(SolutionProperties) = preSolution
		HideSolutionNode = FALSE
	EndGlobalSection
	GlobalSection(NestedProjects) = preSolution
		{02EA681E-C7D8-13C7-8484-4AC65E1B71E8} = {58676F12-4650-4A8E-9A46-4DD4C3E87BFD}
		{1956237E-4EA1-46CD-9F02-0F291C4F7992} = {58676F12-4650-4A8E-9A46-4DD4C3E87BFD}
		{605FEB71-94FE-48CF-88FB-99290821B4E4} = {58676F12-4650-4A8E-9A46-4DD4C3E87BFD}
		{9796F37D-37A3-4619-9710-43C3BA958E94} = {58676F12-4650-4A8E-9A46-4DD4C3E87BFD}
		{0BFB2301-442D-4495-A91F-05B3F7AB0262} = {79D78F9E-01BA-4C58-B5CE-5285802902B0}
		{79D78F9E-01BA-4C58-B5CE-5285802902B0} = {F9F0AE45-0245-4279-A20D-8CAB5C2326E7}
		{9E645DE6-DAEA-496C-9CD2-FAC4CC92061E} = {F9F0AE45-0245-4279-A20D-8CAB5C2326E7}
		{477ADBEF-CBAB-14A1-57CC-9540ACA291F5} = {9796F37D-37A3-4619-9710-43C3BA958E94}
		{101C1EE6-83B4-0B81-081E-C4039850970E} = {02EA681E-C7D8-13C7-8484-4AC65E1B71E8}
		{A16F3B1F-6985-0AFD-9C33-17482A92E338} = {1956237E-4EA1-46CD-9F02-0F291C4F7992}
		{4209228D-ADE6-AC52-FF66-0AB02CAF0A7F} = {605FEB71-94FE-48CF-88FB-99290821B4E4}
	EndGlobalSection
	GlobalSection(ExtensibilityGlobals) = postSolution
		SolutionGuid = {834E9E50-216C-404D-AFD4-9C0A78C5F3C1}
	EndGlobalSection
EndGlobal
